
Microsoft Visual Studio Solution File, Format Version 12.00
# Visual Studio Version 17
VisualStudioVersion = 17.9.34622.214
MinimumVisualStudioVersion = 10.0.40219.1
Project("{FAE04EC0-301F-11D3-BF4B-00C04F79EFBC}") = "Rastres MVC", "Rastres MVC\Rastres MVC.csproj", "{0B955610-9232-4069-823A-A71CA908C7EC}"
EndProject
Global
	GlobalSection(SolutionConfigurationPlatforms) = preSolution
		Debug|Any CPU = Debug|Any CPU
		Release|Any CPU = Release|Any CPU
	EndGlobalSection
	GlobalSection(ProjectConfigurationPlatforms) = postSolution
		{0B955610-9232-4069-823A-A71CA908C7EC}.Debug|Any CPU.ActiveCfg = Debug|Any CPU
		{0B955610-9232-4069-823A-A71CA908C7EC}.Debug|Any CPU.Build.0 = Debug|Any CPU
		{0B955610-9232-4069-823A-A71CA908C7EC}.Release|Any CPU.ActiveCfg = Release|Any CPU
		{0B955610-9232-4069-823A-A71CA908C7EC}.Release|Any CPU.Build.0 = Release|Any CPU
	EndGlobalSection
	GlobalSection(SolutionProperties) = preSolution
		HideSolutionNode = FALSE
	EndGlobalSection
	GlobalSection(ExtensibilityGlobals) = postSolution
		SolutionGuid = {F2E64DD3-1F9B-49D1-9D9D-D758061AE04F}
	EndGlobalSection
EndGlobal
